# @generated by Move, please check-in and do not edit manually.

[move]
version = 3
manifest_digest = "E48CA5F3006B6FA5D83D26EB335E2AA3DBA60E3D5F6BAFE41B4221F9E66ABCB3"
deps_digest = "F9B494B64F0615AED0E98FC12A85B85ECD2BC5185C22D30E7F67786BB52E507C"
dependencies = [
  { id = "Bridge", name = "Bridge" },
  { id = "MoveStdlib", name = "MoveStdlib" },
  { id = "Sui", name = "Sui" },
  { id = "SuiSystem", name = "SuiSystem" },
]

[[move.package]]
id = "Bridge"
source = { git = "https://github.com/MystenLabs/sui.git", rev = "b5633abb4177", subdir = "crates/sui-framework/packages/bridge" }

dependencies = [
  { id = "MoveStdlib", name = "MoveStdlib" },
  { id = "Sui", name = "Sui" },
  { id = "SuiSystem", name = "SuiSystem" },
]

[[move.package]]
id = "MoveStdlib"
source = { git = "https://github.com/MystenLabs/sui.git", rev = "b5633abb4177", subdir = "crates/sui-framework/packages/move-stdlib" }

[[move.package]]
id = "Sui"
source = { git = "https://github.com/MystenLabs/sui.git", rev = "b5633abb4177", subdir = "crates/sui-framework/packages/sui-framework" }

dependencies = [
  { id = "MoveStdlib", name = "MoveStdlib" },
]

[[move.package]]
id = "SuiSystem"
source = { git = "https://github.com/MystenLabs/sui.git", rev = "b5633abb4177", subdir = "crates/sui-framework/packages/sui-system" }

dependencies = [
  { id = "MoveStdlib", name = "MoveStdlib" },
  { id = "Sui", name = "Sui" },
]

[move.toolchain-version]
compiler-version = "1.49.2"
edition = "2024.beta"
flavor = "sui"

[env]

[env.localnet]
chain-id = "bb1f5fdc"
original-published-id = "0xafa475ec90d2eacab95035ebb39624c709b9810000357a78969a6065addf92b1"
latest-published-id = "0xafa475ec90d2eacab95035ebb39624c709b9810000357a78969a6065addf92b1"
published-version = "1"

[env.testnet]
chain-id = "4c78adac"
original-published-id = "0x996d18738dbad3be88f1482e6fb551b6a27144dd86b3e0fa0d7d8b226c65905a"
latest-published-id = "0x996d18738dbad3be88f1482e6fb551b6a27144dd86b3e0fa0d7d8b226c65905a"
published-version = "1"
